
Microsoft Visual Studio Solution File, Format Version 12.00
# Visual Studio Version 17
VisualStudioVersion = 17.2.32526.322
MinimumVisualStudioVersion = 10.0.40219.1
Project("{FAE04EC0-301F-11D3-BF4B-00C04F79EFBC}") = "WPF02", "WPF02\WPF02.csproj", "{0F6FAA40-6C5F-48CE-9CEF-62757A9FA57A}"
EndProject
Global
	GlobalSection(SolutionConfigurationPlatforms) = preSolution
		Debug|Any CPU = Debug|Any CPU
		Release|Any CPU = Release|Any CPU
	EndGlobalSection
	GlobalSection(ProjectConfigurationPlatforms) = postSolution
		{0F6FAA40-6C5F-48CE-9CEF-62757A9FA57A}.Debug|Any CPU.ActiveCfg = Debug|Any CPU
		{0F6FAA40-6C5F-48CE-9CEF-62757A9FA57A}.Debug|Any CPU.Build.0 = Debug|Any CPU
		{0F6FAA40-6C5F-48CE-9CEF-62757A9FA57A}.Release|Any CPU.ActiveCfg = Release|Any CPU
		{0F6FAA40-6C5F-48CE-9CEF-62757A9FA57A}.Release|Any CPU.Build.0 = Release|Any CPU
	EndGlobalSection
	GlobalSection(SolutionProperties) = preSolution
		HideSolutionNode = FALSE
	EndGlobalSection
	GlobalSection(ExtensibilityGlobals) = postSolution
		SolutionGuid = {CD33FA27-897B-4B27-B3B9-3613CEE44506}
	EndGlobalSection
EndGlobal
