
Microsoft Visual Studio Solution File, Format Version 12.00
# Visual Studio Version 17
VisualStudioVersion = 17.2.32526.322
MinimumVisualStudioVersion = 10.0.40219.1
Project("{FAE04EC0-301F-11D3-BF4B-00C04F79EFBC}") = "InheritanceChallenge2", "InheritanceChallenge2\InheritanceChallenge2.csproj", "{DD2CD25B-13A4-464F-8D4B-E7452FDA1653}"
EndProject
Global
	GlobalSection(SolutionConfigurationPlatforms) = preSolution
		Debug|Any CPU = Debug|Any CPU
		Release|Any CPU = Release|Any CPU
	EndGlobalSection
	GlobalSection(ProjectConfigurationPlatforms) = postSolution
		{DD2CD25B-13A4-464F-8D4B-E7452FDA1653}.Debug|Any CPU.ActiveCfg = Debug|Any CPU
		{DD2CD25B-13A4-464F-8D4B-E7452FDA1653}.Debug|Any CPU.Build.0 = Debug|Any CPU
		{DD2CD25B-13A4-464F-8D4B-E7452FDA1653}.Release|Any CPU.ActiveCfg = Release|Any CPU
		{DD2CD25B-13A4-464F-8D4B-E7452FDA1653}.Release|Any CPU.Build.0 = Release|Any CPU
	EndGlobalSection
	GlobalSection(SolutionProperties) = preSolution
		HideSolutionNode = FALSE
	EndGlobalSection
	GlobalSection(ExtensibilityGlobals) = postSolution
		SolutionGuid = {D1EFFECC-6A15-4163-B39A-46DB56E73B6D}
	EndGlobalSection
EndGlobal
