
Microsoft Visual Studio Solution File, Format Version 12.00
# Visual Studio Version 17
VisualStudioVersion = 17.2.32526.322
MinimumVisualStudioVersion = 10.0.40219.1
Project("{FAE04EC0-301F-11D3-BF4B-00C04F79EFBC}") = "JaggedArray", "JaggedArray\JaggedArray.csproj", "{08AEAB56-01CB-4206-BA6C-88E261BD0BB4}"
EndProject
Global
	GlobalSection(SolutionConfigurationPlatforms) = preSolution
		Debug|Any CPU = Debug|Any CPU
		Release|Any CPU = Release|Any CPU
	EndGlobalSection
	GlobalSection(ProjectConfigurationPlatforms) = postSolution
		{08AEAB56-01CB-4206-BA6C-88E261BD0BB4}.Debug|Any CPU.ActiveCfg = Debug|Any CPU
		{08AEAB56-01CB-4206-BA6C-88E261BD0BB4}.Debug|Any CPU.Build.0 = Debug|Any CPU
		{08AEAB56-01CB-4206-BA6C-88E261BD0BB4}.Release|Any CPU.ActiveCfg = Release|Any CPU
		{08AEAB56-01CB-4206-BA6C-88E261BD0BB4}.Release|Any CPU.Build.0 = Release|Any CPU
	EndGlobalSection
	GlobalSection(SolutionProperties) = preSolution
		HideSolutionNode = FALSE
	EndGlobalSection
	GlobalSection(ExtensibilityGlobals) = postSolution
		SolutionGuid = {F27FC6B4-C046-4214-8BCE-736BB8695552}
	EndGlobalSection
EndGlobal
