
Microsoft Visual Studio Solution File, Format Version 12.00
# Visual Studio Version 17
VisualStudioVersion = 17.2.32526.322
MinimumVisualStudioVersion = 10.0.40219.1
Project("{FAE04EC0-301F-11D3-BF4B-00C04F79EFBC}") = "VirtualOverrideDemo", "VirtualOverrideDemo\VirtualOverrideDemo.csproj", "{90905639-6A34-4174-83B3-508CADBC3E0C}"
EndProject
Global
	GlobalSection(SolutionConfigurationPlatforms) = preSolution
		Debug|Any CPU = Debug|Any CPU
		Release|Any CPU = Release|Any CPU
	EndGlobalSection
	GlobalSection(ProjectConfigurationPlatforms) = postSolution
		{90905639-6A34-4174-83B3-508CADBC3E0C}.Debug|Any CPU.ActiveCfg = Debug|Any CPU
		{90905639-6A34-4174-83B3-508CADBC3E0C}.Debug|Any CPU.Build.0 = Debug|Any CPU
		{90905639-6A34-4174-83B3-508CADBC3E0C}.Release|Any CPU.ActiveCfg = Release|Any CPU
		{90905639-6A34-4174-83B3-508CADBC3E0C}.Release|Any CPU.Build.0 = Release|Any CPU
	EndGlobalSection
	GlobalSection(SolutionProperties) = preSolution
		HideSolutionNode = FALSE
	EndGlobalSection
	GlobalSection(ExtensibilityGlobals) = postSolution
		SolutionGuid = {E202A84B-B42B-4AD2-871D-5D7971E6A14C}
	EndGlobalSection
EndGlobal
