
Microsoft Visual Studio Solution File, Format Version 12.00
# Visual Studio Version 17
VisualStudioVersion = 17.2.32526.322
MinimumVisualStudioVersion = 10.0.40219.1
Project("{FAE04EC0-301F-11D3-BF4B-00C04F79EFBC}") = "FileIOc", "FileIOc\FileIOc.csproj", "{0C3F445E-0531-4E79-871B-3C599DD2BB02}"
EndProject
Global
	GlobalSection(SolutionConfigurationPlatforms) = preSolution
		Debug|Any CPU = Debug|Any CPU
		Release|Any CPU = Release|Any CPU
	EndGlobalSection
	GlobalSection(ProjectConfigurationPlatforms) = postSolution
		{0C3F445E-0531-4E79-871B-3C599DD2BB02}.Debug|Any CPU.ActiveCfg = Debug|Any CPU
		{0C3F445E-0531-4E79-871B-3C599DD2BB02}.Debug|Any CPU.Build.0 = Debug|Any CPU
		{0C3F445E-0531-4E79-871B-3C599DD2BB02}.Release|Any CPU.ActiveCfg = Release|Any CPU
		{0C3F445E-0531-4E79-871B-3C599DD2BB02}.Release|Any CPU.Build.0 = Release|Any CPU
	EndGlobalSection
	GlobalSection(SolutionProperties) = preSolution
		HideSolutionNode = FALSE
	EndGlobalSection
	GlobalSection(ExtensibilityGlobals) = postSolution
		SolutionGuid = {AA020F58-C198-4233-ABDB-88F37A9D16B5}
	EndGlobalSection
EndGlobal
