
Microsoft Visual Studio Solution File, Format Version 12.00
# Visual Studio Version 17
VisualStudioVersion = 17.2.32526.322
MinimumVisualStudioVersion = 10.0.40219.1
Project("{FAE04EC0-301F-11D3-BF4B-00C04F79EFBC}") = "WPF08", "WPF08\WPF08.csproj", "{221E96E6-E0BB-47E1-B68D-65267C1446C2}"
EndProject
Global
	GlobalSection(SolutionConfigurationPlatforms) = preSolution
		Debug|Any CPU = Debug|Any CPU
		Release|Any CPU = Release|Any CPU
	EndGlobalSection
	GlobalSection(ProjectConfigurationPlatforms) = postSolution
		{221E96E6-E0BB-47E1-B68D-65267C1446C2}.Debug|Any CPU.ActiveCfg = Debug|Any CPU
		{221E96E6-E0BB-47E1-B68D-65267C1446C2}.Debug|Any CPU.Build.0 = Debug|Any CPU
		{221E96E6-E0BB-47E1-B68D-65267C1446C2}.Release|Any CPU.ActiveCfg = Release|Any CPU
		{221E96E6-E0BB-47E1-B68D-65267C1446C2}.Release|Any CPU.Build.0 = Release|Any CPU
	EndGlobalSection
	GlobalSection(SolutionProperties) = preSolution
		HideSolutionNode = FALSE
	EndGlobalSection
	GlobalSection(ExtensibilityGlobals) = postSolution
		SolutionGuid = {90857D10-3FFA-41E6-B04E-D739F2FEDA71}
	EndGlobalSection
EndGlobal
