
Microsoft Visual Studio Solution File, Format Version 12.00
# Visual Studio Version 17
VisualStudioVersion = 17.2.32526.322
MinimumVisualStudioVersion = 10.0.40219.1
Project("{FAE04EC0-301F-11D3-BF4B-00C04F79EFBC}") = "WPF04", "WPF04\WPF04.csproj", "{209770C4-7D65-442C-BB81-90D23EEA8E6C}"
EndProject
Global
	GlobalSection(SolutionConfigurationPlatforms) = preSolution
		Debug|Any CPU = Debug|Any CPU
		Release|Any CPU = Release|Any CPU
	EndGlobalSection
	GlobalSection(ProjectConfigurationPlatforms) = postSolution
		{209770C4-7D65-442C-BB81-90D23EEA8E6C}.Debug|Any CPU.ActiveCfg = Debug|Any CPU
		{209770C4-7D65-442C-BB81-90D23EEA8E6C}.Debug|Any CPU.Build.0 = Debug|Any CPU
		{209770C4-7D65-442C-BB81-90D23EEA8E6C}.Release|Any CPU.ActiveCfg = Release|Any CPU
		{209770C4-7D65-442C-BB81-90D23EEA8E6C}.Release|Any CPU.Build.0 = Release|Any CPU
	EndGlobalSection
	GlobalSection(SolutionProperties) = preSolution
		HideSolutionNode = FALSE
	EndGlobalSection
	GlobalSection(ExtensibilityGlobals) = postSolution
		SolutionGuid = {AC54BABC-6EA4-4F1D-AE13-663C41195ECF}
	EndGlobalSection
EndGlobal
