
Microsoft Visual Studio Solution File, Format Version 12.00
# Visual Studio Version 17
VisualStudioVersion = 17.4.33122.133
MinimumVisualStudioVersion = 10.0.40219.1
Project("{FAE04EC0-301F-11D3-BF4B-00C04F79EFBC}") = "Linq1", "Linq1\Linq1.csproj", "{1EF9CF70-7E90-4F9B-9005-03EC4485F1BC}"
EndProject
Global
	GlobalSection(SolutionConfigurationPlatforms) = preSolution
		Debug|Any CPU = Debug|Any CPU
		Release|Any CPU = Release|Any CPU
	EndGlobalSection
	GlobalSection(ProjectConfigurationPlatforms) = postSolution
		{1EF9CF70-7E90-4F9B-9005-03EC4485F1BC}.Debug|Any CPU.ActiveCfg = Debug|Any CPU
		{1EF9CF70-7E90-4F9B-9005-03EC4485F1BC}.Debug|Any CPU.Build.0 = Debug|Any CPU
		{1EF9CF70-7E90-4F9B-9005-03EC4485F1BC}.Release|Any CPU.ActiveCfg = Release|Any CPU
		{1EF9CF70-7E90-4F9B-9005-03EC4485F1BC}.Release|Any CPU.Build.0 = Release|Any CPU
	EndGlobalSection
	GlobalSection(SolutionProperties) = preSolution
		HideSolutionNode = FALSE
	EndGlobalSection
	GlobalSection(ExtensibilityGlobals) = postSolution
		SolutionGuid = {41C208C5-01A1-4107-B83C-0FA53E02FC51}
	EndGlobalSection
EndGlobal
